
Microsoft Visual Studio Solution File, Format Version 12.00
# Visual Studio Version 16
VisualStudioVersion = 16.0.31613.86
MinimumVisualStudioVersion = 10.0.40219.1
Project("{9A19103F-16F7-4668-BE54-9A1E7A4F7556}") = "HyperionApiClient", "HyperionApiClient\HyperionApiClient.csproj", "{B723600D-EBAB-46D3-AA24-573F2DC0A815}"
EndProject
Project("{FAE04EC0-301F-11D3-BF4B-00C04F79EFBC}") = "HyperionApiClientUnitTests", "HyperionApiClientUnitTests\HyperionApiClientUnitTests.csproj", "{528298EE-21F0-400A-8A61-DD07265F4D70}"
EndProject
Global
	GlobalSection(SolutionConfigurationPlatforms) = preSolution
		Debug|Any CPU = Debug|Any CPU
		Release|Any CPU = Release|Any CPU
	EndGlobalSection
	GlobalSection(ProjectConfigurationPlatforms) = postSolution
		{B723600D-EBAB-46D3-AA24-573F2DC0A815}.Debug|Any CPU.ActiveCfg = Debug|Any CPU
		{B723600D-EBAB-46D3-AA24-573F2DC0A815}.Debug|Any CPU.Build.0 = Debug|Any CPU
		{B723600D-EBAB-46D3-AA24-573F2DC0A815}.Release|Any CPU.ActiveCfg = Release|Any CPU
		{B723600D-EBAB-46D3-AA24-573F2DC0A815}.Release|Any CPU.Build.0 = Release|Any CPU
		{528298EE-21F0-400A-8A61-DD07265F4D70}.Debug|Any CPU.ActiveCfg = Debug|Any CPU
		{528298EE-21F0-400A-8A61-DD07265F4D70}.Debug|Any CPU.Build.0 = Debug|Any CPU
		{528298EE-21F0-400A-8A61-DD07265F4D70}.Release|Any CPU.ActiveCfg = Release|Any CPU
		{528298EE-21F0-400A-8A61-DD07265F4D70}.Release|Any CPU.Build.0 = Release|Any CPU
	EndGlobalSection
	GlobalSection(SolutionProperties) = preSolution
		HideSolutionNode = FALSE
	EndGlobalSection
	GlobalSection(ExtensibilityGlobals) = postSolution
		SolutionGuid = {13DF30AE-A8EC-472D-8F89-0DA651BEFEBC}
	EndGlobalSection
EndGlobal
